{
  "name": "New folder (3)",
  "lockfileVersion": 2,
  "requires": true,
  "packages": {
    "": {
      "dependencies": {
        "@capacitor/camera": "^1.2.2",
        "@capacitor/filesystem": "^1.0.6",
        "@capacitor/storage": "^1.2.3",
        "@ionic/pwa-elements": "^3.1.1"
      }
    },
    "node_modules/@capacitor/camera": {
      "version": "1.2.2",
      "resolved": "https://registry.npmjs.org/@capacitor/camera/-/camera-1.2.2.tgz",
      "integrity": "sha512-BbL6K1+SMxDHoPOU4Og0uOpRI/8iXvcTLcuPTJHTCup98XK1SRUhSF1uDib4ml9Ue8KVly1StfNZrF1Jo7hBFA==",
      "peerDependencies": {
        "@capacitor/core": "^3.0.0"
      }
    },
    "node_modules/@capacitor/core": {
      "version": "3.3.3",
      "resolved": "https://registry.npmjs.org/@capacitor/core/-/core-3.3.3.tgz",
      "integrity": "sha512-5oN3dUxdVXSvrTvTkmKBoBh7qISi+PVrsxHyjqq7Kr573dQnm8LsZ0/24PpJsGp08lD/+nFtFzOtPODJvYLVgg==",
      "peer": true,
      "dependencies": {
        "tslib": "^2.1.0"
      }
    },
    "node_modules/@capacitor/filesystem": {
      "version": "1.0.6",
      "resolved": "https://registry.npmjs.org/@capacitor/filesystem/-/filesystem-1.0.6.tgz",
      "integrity": "sha512-8xqUbDZFGBMhgqoBSn9wEd9OBPdHIRegQ9zCCZcpHNf3FFAIby1ck+aDFnoq+Da49xhD6ks1SKCBSxz/26qWTw==",
      "peerDependencies": {
        "@capacitor/core": "^3.0.0"
      }
    },
    "node_modules/@capacitor/storage": {
      "version": "1.2.3",
      "resolved": "https://registry.npmjs.org/@capacitor/storage/-/storage-1.2.3.tgz",
      "integrity": "sha512-Rc5CKS53sfxokF5dxzNQDhig4lnZonky6VqskHZKTe3Ltl37FKmrG+I8ttZCinFZ5MPWfGSuP44m93hsQqitjQ==",
      "peerDependencies": {
        "@capacitor/core": "^3.0.0"
      }
    },
    "node_modules/@ionic/pwa-elements": {
      "version": "3.1.1",
      "resolved": "https://registry.npmjs.org/@ionic/pwa-elements/-/pwa-elements-3.1.1.tgz",
      "integrity": "sha512-BoEX1pSrKn5dP4VQwaf8DweAmT4ynmpW+9f6oj/W1xLe54bmuXcUY07ziuZX1DLu50xHSYcO5qJ/dbYC/w6wgA=="
    },
    "node_modules/tslib": {
      "version": "2.3.1",
      "resolved": "https://registry.npmjs.org/tslib/-/tslib-2.3.1.tgz",
      "integrity": "sha512-77EbyPPpMz+FRFRuAFlWMtmgUWGe9UOG2Z25NqCwiIjRhOf5iKGuzSe5P2w1laq+FkRy4p+PCuVkJSGkzTEKVw==",
      "peer": true
    }
  },
  "dependencies": {
    "@capacitor/camera": {
      "version": "1.2.2",
      "resolved": "https://registry.npmjs.org/@capacitor/camera/-/camera-1.2.2.tgz",
      "integrity": "sha512-BbL6K1+SMxDHoPOU4Og0uOpRI/8iXvcTLcuPTJHTCup98XK1SRUhSF1uDib4ml9Ue8KVly1StfNZrF1Jo7hBFA==",
      "requires": {}
    },
    "@capacitor/core": {
      "version": "3.3.3",
      "resolved": "https://registry.npmjs.org/@capacitor/core/-/core-3.3.3.tgz",
      "integrity": "sha512-5oN3dUxdVXSvrTvTkmKBoBh7qISi+PVrsxHyjqq7Kr573dQnm8LsZ0/24PpJsGp08lD/+nFtFzOtPODJvYLVgg==",
      "peer": true,
      "requires": {
        "tslib": "^2.1.0"
      }
    },
    "@capacitor/filesystem": {
      "version": "1.0.6",
      "resolved": "https://registry.npmjs.org/@capacitor/filesystem/-/filesystem-1.0.6.tgz",
      "integrity": "sha512-8xqUbDZFGBMhgqoBSn9wEd9OBPdHIRegQ9zCCZcpHNf3FFAIby1ck+aDFnoq+Da49xhD6ks1SKCBSxz/26qWTw==",
      "requires": {}
    },
    "@capacitor/storage": {
      "version": "1.2.3",
      "resolved": "https://registry.npmjs.org/@capacitor/storage/-/storage-1.2.3.tgz",
      "integrity": "sha512-Rc5CKS53sfxokF5dxzNQDhig4lnZonky6VqskHZKTe3Ltl37FKmrG+I8ttZCinFZ5MPWfGSuP44m93hsQqitjQ==",
      "requires": {}
    },
    "@ionic/pwa-elements": {
      "version": "3.1.1",
      "resolved": "https://registry.npmjs.org/@ionic/pwa-elements/-/pwa-elements-3.1.1.tgz",
      "integrity": "sha512-BoEX1pSrKn5dP4VQwaf8DweAmT4ynmpW+9f6oj/W1xLe54bmuXcUY07ziuZX1DLu50xHSYcO5qJ/dbYC/w6wgA=="
    },
    "tslib": {
      "version": "2.3.1",
      "resolved": "https://registry.npmjs.org/tslib/-/tslib-2.3.1.tgz",
      "integrity": "sha512-77EbyPPpMz+FRFRuAFlWMtmgUWGe9UOG2Z25NqCwiIjRhOf5iKGuzSe5P2w1laq+FkRy4p+PCuVkJSGkzTEKVw==",
      "peer": true
    }
  }
}
